
Microsoft Visual Studio Solution File, Format Version 12.00
# Visual Studio Version 17
VisualStudioVersion = 17.5.002.0
MinimumVisualStudioVersion = 10.0.40219.1
Project("{9A19103F-16F7-4668-BE54-9A1E7A4F7556}") = "P2_ASTRO.API", "P2_ASTRO.API\P2_ASTRO.API.csproj", "{AFDE9FEA-7F9B-4D56-B838-142605B06B62}"
EndProject
Project("{9A19103F-16F7-4668-BE54-9A1E7A4F7556}") = "P2_ASTRO.TEST", "P2_ASTRO.TEST\P2_ASTRO.TEST.csproj", "{20B50BFE-6B74-4C31-81D7-6188982BEA41}"
EndProject
Global
	GlobalSection(SolutionConfigurationPlatforms) = preSolution
		Debug|Any CPU = Debug|Any CPU
		Release|Any CPU = Release|Any CPU
	EndGlobalSection
	GlobalSection(ProjectConfigurationPlatforms) = postSolution
		{AFDE9FEA-7F9B-4D56-B838-142605B06B62}.Debug|Any CPU.ActiveCfg = Debug|Any CPU
		{AFDE9FEA-7F9B-4D56-B838-142605B06B62}.Debug|Any CPU.Build.0 = Debug|Any CPU
		{AFDE9FEA-7F9B-4D56-B838-142605B06B62}.Release|Any CPU.ActiveCfg = Release|Any CPU
		{AFDE9FEA-7F9B-4D56-B838-142605B06B62}.Release|Any CPU.Build.0 = Release|Any CPU
		{20B50BFE-6B74-4C31-81D7-6188982BEA41}.Debug|Any CPU.ActiveCfg = Debug|Any CPU
		{20B50BFE-6B74-4C31-81D7-6188982BEA41}.Debug|Any CPU.Build.0 = Debug|Any CPU
		{20B50BFE-6B74-4C31-81D7-6188982BEA41}.Release|Any CPU.ActiveCfg = Release|Any CPU
		{20B50BFE-6B74-4C31-81D7-6188982BEA41}.Release|Any CPU.Build.0 = Release|Any CPU
	EndGlobalSection
	GlobalSection(SolutionProperties) = preSolution
		HideSolutionNode = FALSE
	EndGlobalSection
	GlobalSection(ExtensibilityGlobals) = postSolution
		SolutionGuid = {F2F9CAF2-341E-4ADE-8E4B-45C68A7424B4}
	EndGlobalSection
EndGlobal
