
Microsoft Visual Studio Solution File, Format Version 12.00
# Visual Studio Version 17
VisualStudioVersion = 17.5.002.0
MinimumVisualStudioVersion = 10.0.40219.1
Project("{9A19103F-16F7-4668-BE54-9A1E7A4F7556}") = "P2_ASTRO.TEST", "P2_ASTRO.TEST.csproj", "{43B1689B-750D-4329-84FF-26770576B8C4}"
EndProject
Global
	GlobalSection(SolutionConfigurationPlatforms) = preSolution
		Debug|Any CPU = Debug|Any CPU
		Release|Any CPU = Release|Any CPU
	EndGlobalSection
	GlobalSection(ProjectConfigurationPlatforms) = postSolution
		{43B1689B-750D-4329-84FF-26770576B8C4}.Debug|Any CPU.ActiveCfg = Debug|Any CPU
		{43B1689B-750D-4329-84FF-26770576B8C4}.Debug|Any CPU.Build.0 = Debug|Any CPU
		{43B1689B-750D-4329-84FF-26770576B8C4}.Release|Any CPU.ActiveCfg = Release|Any CPU
		{43B1689B-750D-4329-84FF-26770576B8C4}.Release|Any CPU.Build.0 = Release|Any CPU
	EndGlobalSection
	GlobalSection(SolutionProperties) = preSolution
		HideSolutionNode = FALSE
	EndGlobalSection
	GlobalSection(ExtensibilityGlobals) = postSolution
		SolutionGuid = {22F84A44-3426-4719-BA38-7E79BD12D8C2}
	EndGlobalSection
EndGlobal
